
Microsoft Visual Studio Solution File, Format Version 12.00
# Visual Studio 14
VisualStudioVersion = 14.0.25420.1
MinimumVisualStudioVersion = 10.0.40219.1
Project("{FAE04EC0-301F-11D3-BF4B-00C04F79EFBC}") = "OnlineShop", "OnlineShop\OnlineShop.csproj", "{5E5B2BBC-9AB5-483C-BD5E-0A37535200AA}"
EndProject
Project("{FAE04EC0-301F-11D3-BF4B-00C04F79EFBC}") = "OnlineShop.Tests", "OnlineShop.Tests\OnlineShop.Tests.csproj", "{0CD352E6-C84F-4249-AFBC-90D7E58DD85D}"
EndProject
Global
	GlobalSection(SolutionConfigurationPlatforms) = preSolution
		Debug|Any CPU = Debug|Any CPU
		Release|Any CPU = Release|Any CPU
	EndGlobalSection
	GlobalSection(ProjectConfigurationPlatforms) = postSolution
		{5E5B2BBC-9AB5-483C-BD5E-0A37535200AA}.Debug|Any CPU.ActiveCfg = Debug|Any CPU
		{5E5B2BBC-9AB5-483C-BD5E-0A37535200AA}.Debug|Any CPU.Build.0 = Debug|Any CPU
		{5E5B2BBC-9AB5-483C-BD5E-0A37535200AA}.Release|Any CPU.ActiveCfg = Release|Any CPU
		{5E5B2BBC-9AB5-483C-BD5E-0A37535200AA}.Release|Any CPU.Build.0 = Release|Any CPU
		{0CD352E6-C84F-4249-AFBC-90D7E58DD85D}.Debug|Any CPU.ActiveCfg = Debug|Any CPU
		{0CD352E6-C84F-4249-AFBC-90D7E58DD85D}.Debug|Any CPU.Build.0 = Debug|Any CPU
		{0CD352E6-C84F-4249-AFBC-90D7E58DD85D}.Release|Any CPU.ActiveCfg = Release|Any CPU
		{0CD352E6-C84F-4249-AFBC-90D7E58DD85D}.Release|Any CPU.Build.0 = Release|Any CPU
	EndGlobalSection
	GlobalSection(SolutionProperties) = preSolution
		HideSolutionNode = FALSE
	EndGlobalSection
EndGlobal
